
Microsoft Visual Studio Solution File, Format Version 12.00
# Visual Studio Version 17
VisualStudioVersion = 17.7.34031.279
MinimumVisualStudioVersion = 10.0.40219.1
Project("{9A19103F-16F7-4668-BE54-9A1E7A4F7556}") = "KiiSecWebMVC", "KiiSecWebMVC\KiiSecWebMVC.csproj", "{4646F47C-43B4-4243-9F91-03DC7A9604EB}"
EndProject
Global
	GlobalSection(SolutionConfigurationPlatforms) = preSolution
		Debug|Any CPU = Debug|Any CPU
		Release|Any CPU = Release|Any CPU
	EndGlobalSection
	GlobalSection(ProjectConfigurationPlatforms) = postSolution
		{4646F47C-43B4-4243-9F91-03DC7A9604EB}.Debug|Any CPU.ActiveCfg = Debug|Any CPU
		{4646F47C-43B4-4243-9F91-03DC7A9604EB}.Debug|Any CPU.Build.0 = Debug|Any CPU
		{4646F47C-43B4-4243-9F91-03DC7A9604EB}.Release|Any CPU.ActiveCfg = Release|Any CPU
		{4646F47C-43B4-4243-9F91-03DC7A9604EB}.Release|Any CPU.Build.0 = Release|Any CPU
	EndGlobalSection
	GlobalSection(SolutionProperties) = preSolution
		HideSolutionNode = FALSE
	EndGlobalSection
	GlobalSection(ExtensibilityGlobals) = postSolution
		SolutionGuid = {8812C254-9010-4029-8CBD-D6106FA77DF3}
	EndGlobalSection
EndGlobal
